
Microsoft Visual Studio Solution File, Format Version 12.00
# Visual Studio Version 17
VisualStudioVersion = 17.10.35122.118
MinimumVisualStudioVersion = 10.0.40219.1
Project("{FAE04EC0-301F-11D3-BF4B-00C04F79EFBC}") = "Conway's Game of Life", "Conway's Game of Life.csproj", "{175F67B0-437B-4E59-A086-AABB2F690A03}"
EndProject
Global
	GlobalSection(SolutionConfigurationPlatforms) = preSolution
		Debug|Any CPU = Debug|Any CPU
		Release|Any CPU = Release|Any CPU
	EndGlobalSection
	GlobalSection(ProjectConfigurationPlatforms) = postSolution
		{175F67B0-437B-4E59-A086-AABB2F690A03}.Debug|Any CPU.ActiveCfg = Debug|Any CPU
		{175F67B0-437B-4E59-A086-AABB2F690A03}.Debug|Any CPU.Build.0 = Debug|Any CPU
		{175F67B0-437B-4E59-A086-AABB2F690A03}.Release|Any CPU.ActiveCfg = Release|Any CPU
		{175F67B0-437B-4E59-A086-AABB2F690A03}.Release|Any CPU.Build.0 = Release|Any CPU
	EndGlobalSection
	GlobalSection(SolutionProperties) = preSolution
		HideSolutionNode = FALSE
	EndGlobalSection
	GlobalSection(ExtensibilityGlobals) = postSolution
		SolutionGuid = {29019E2C-E24E-4ED8-A5C8-5337413E915D}
	EndGlobalSection
EndGlobal
